
Microsoft Visual Studio Solution File, Format Version 12.00
# Visual Studio Version 16
VisualStudioVersion = 16.0.28803.452
MinimumVisualStudioVersion = 10.0.40219.1
Project("{FAE04EC0-301F-11D3-BF4B-00C04F79EFBC}") = "InterviewTask", "InterviewTask\InterviewTask.csproj", "{F170B98A-622D-4289-9A5F-70512BA7FA3F}"
EndProject
Global
	GlobalSection(SolutionConfigurationPlatforms) = preSolution
		Debug|Any CPU = Debug|Any CPU
		Release|Any CPU = Release|Any CPU
	EndGlobalSection
	GlobalSection(ProjectConfigurationPlatforms) = postSolution
		{F170B98A-622D-4289-9A5F-70512BA7FA3F}.Debug|Any CPU.ActiveCfg = Debug|Any CPU
		{F170B98A-622D-4289-9A5F-70512BA7FA3F}.Debug|Any CPU.Build.0 = Debug|Any CPU
		{F170B98A-622D-4289-9A5F-70512BA7FA3F}.Release|Any CPU.ActiveCfg = Release|Any CPU
		{F170B98A-622D-4289-9A5F-70512BA7FA3F}.Release|Any CPU.Build.0 = Release|Any CPU
	EndGlobalSection
	GlobalSection(SolutionProperties) = preSolution
		HideSolutionNode = FALSE
	EndGlobalSection
	GlobalSection(ExtensibilityGlobals) = postSolution
		SolutionGuid = {D2E3F465-170F-4B6A-8118-09473E6DFAC7}
	EndGlobalSection
EndGlobal
